
Microsoft Visual Studio Solution File, Format Version 12.00
# Visual Studio Version 16
VisualStudioVersion = 16.0.30626.31
MinimumVisualStudioVersion = 10.0.40219.1
Project("{9A19103F-16F7-4668-BE54-9A1E7A4F7556}") = "ILCompiler", "ILCompiler\ILCompiler.csproj", "{A35F7B31-88D6-44F1-83B3-154D339786EA}"
EndProject
Project("{9A19103F-16F7-4668-BE54-9A1E7A4F7556}") = "PlatformServices", "PlatformServices\PlatformServices.csproj", "{EF6C0DAB-CBA4-44D0-B025-ED51F68C8B1D}"
EndProject
Global
	GlobalSection(SolutionConfigurationPlatforms) = preSolution
		Debug|Any CPU = Debug|Any CPU
		Release|Any CPU = Release|Any CPU
	EndGlobalSection
	GlobalSection(ProjectConfigurationPlatforms) = postSolution
		{A35F7B31-88D6-44F1-83B3-154D339786EA}.Debug|Any CPU.ActiveCfg = Debug|Any CPU
		{A35F7B31-88D6-44F1-83B3-154D339786EA}.Debug|Any CPU.Build.0 = Debug|Any CPU
		{A35F7B31-88D6-44F1-83B3-154D339786EA}.Release|Any CPU.ActiveCfg = Release|Any CPU
		{A35F7B31-88D6-44F1-83B3-154D339786EA}.Release|Any CPU.Build.0 = Release|Any CPU
		{EF6C0DAB-CBA4-44D0-B025-ED51F68C8B1D}.Debug|Any CPU.ActiveCfg = Debug|Any CPU
		{EF6C0DAB-CBA4-44D0-B025-ED51F68C8B1D}.Debug|Any CPU.Build.0 = Debug|Any CPU
		{EF6C0DAB-CBA4-44D0-B025-ED51F68C8B1D}.Release|Any CPU.ActiveCfg = Release|Any CPU
		{EF6C0DAB-CBA4-44D0-B025-ED51F68C8B1D}.Release|Any CPU.Build.0 = Release|Any CPU
	EndGlobalSection
	GlobalSection(SolutionProperties) = preSolution
		HideSolutionNode = FALSE
	EndGlobalSection
	GlobalSection(ExtensibilityGlobals) = postSolution
		SolutionGuid = {0CC5E6A6-E2F5-476D-AF37-85E4938F841E}
	EndGlobalSection
EndGlobal
